Microsoft Visual Studio Solution File, Format Version 12.00
# Visual Studio 15
VisualStudioVersion = 15.0.26430.16
MinimumVisualStudioVersion = 10.0.40219.1
Project("{9A19103F-16F7-4668-BE54-9A1E7A4F7556}") = "RequestHandlers.Mvc", "RequestHandlers.Mvc\RequestHandlers.Mvc.csproj", "{76F9ED4E-54FD-4CC8-8E3D-4EF12EED4088}"
EndProject
Project("{9A19103F-16F7-4668-BE54-9A1E7A4F7556}") = "RequestHandlers.Mvc.Tests", "RequestHandlers.Mvc.Tests\RequestHandlers.Mvc.Tests.csproj", "{BC9B733F-6A41-4347-9355-F2CF59BE6E56}"
EndProject
Project("{FAE04EC0-301F-11D3-BF4B-00C04F79EFBC}") = "RequestHandlers.Sample", "RequestHandlers.Sample\RequestHandlers.Sample.csproj", "{BEEAA57C-B51D-4BE2-BC8C-D8C0EF3D4527}"
EndProject
Global
	GlobalSection(SolutionConfigurationPlatforms) = preSolution
		Debug|Any CPU = Debug|Any CPU
		Release|Any CPU = Release|Any CPU
	EndGlobalSection
	GlobalSection(ProjectConfigurationPlatforms) = postSolution
		{76F9ED4E-54FD-4CC8-8E3D-4EF12EED4088}.Debug|Any CPU.ActiveCfg = Debug|Any CPU
		{76F9ED4E-54FD-4CC8-8E3D-4EF12EED4088}.Debug|Any CPU.Build.0 = Debug|Any CPU
		{76F9ED4E-54FD-4CC8-8E3D-4EF12EED4088}.Release|Any CPU.ActiveCfg = Release|Any CPU
		{76F9ED4E-54FD-4CC8-8E3D-4EF12EED4088}.Release|Any CPU.Build.0 = Release|Any CPU
		{BC9B733F-6A41-4347-9355-F2CF59BE6E56}.Debug|Any CPU.ActiveCfg = Debug|Any CPU
		{BC9B733F-6A41-4347-9355-F2CF59BE6E56}.Debug|Any CPU.Build.0 = Debug|Any CPU
		{BC9B733F-6A41-4347-9355-F2CF59BE6E56}.Release|Any CPU.ActiveCfg = Release|Any CPU
		{BC9B733F-6A41-4347-9355-F2CF59BE6E56}.Release|Any CPU.Build.0 = Release|Any CPU
		{BEEAA57C-B51D-4BE2-BC8C-D8C0EF3D4527}.Debug|Any CPU.ActiveCfg = Debug|Any CPU
		{BEEAA57C-B51D-4BE2-BC8C-D8C0EF3D4527}.Debug|Any CPU.Build.0 = Debug|Any CPU
		{BEEAA57C-B51D-4BE2-BC8C-D8C0EF3D4527}.Release|Any CPU.ActiveCfg = Release|Any CPU
		{BEEAA57C-B51D-4BE2-BC8C-D8C0EF3D4527}.Release|Any CPU.Build.0 = Release|Any CPU
	EndGlobalSection
	GlobalSection(SolutionProperties) = preSolution
		HideSolutionNode = FALSE
	EndGlobalSection
	GlobalSection(ExtensibilityGlobals) = postSolution
		SolutionGuid = {C296564F-D113-4323-BB39-BAAEE376AFF8}
	EndGlobalSection
EndGlobal
